
Microsoft Visual Studio Solution File, Format Version 12.00
# Visual Studio Version 17
VisualStudioVersion = 17.3.32804.467
MinimumVisualStudioVersion = 10.0.40219.1
Project("{FAE04EC0-301F-11D3-BF4B-00C04F79EFBC}") = "Challenge", "Challenge\Challenge.csproj", "{D8B9E826-8FBB-49D7-98F4-5BC3A91DBB0D}"
EndProject
Global
	GlobalSection(SolutionConfigurationPlatforms) = preSolution
		Debug|Any CPU = Debug|Any CPU
		Release|Any CPU = Release|Any CPU
	EndGlobalSection
	GlobalSection(ProjectConfigurationPlatforms) = postSolution
		{D8B9E826-8FBB-49D7-98F4-5BC3A91DBB0D}.Debug|Any CPU.ActiveCfg = Debug|Any CPU
		{D8B9E826-8FBB-49D7-98F4-5BC3A91DBB0D}.Debug|Any CPU.Build.0 = Debug|Any CPU
		{D8B9E826-8FBB-49D7-98F4-5BC3A91DBB0D}.Release|Any CPU.ActiveCfg = Release|Any CPU
		{D8B9E826-8FBB-49D7-98F4-5BC3A91DBB0D}.Release|Any CPU.Build.0 = Release|Any CPU
	EndGlobalSection
	GlobalSection(SolutionProperties) = preSolution
		HideSolutionNode = FALSE
	EndGlobalSection
	GlobalSection(ExtensibilityGlobals) = postSolution
		SolutionGuid = {19EDBC25-6397-44E7-BAFE-4A97A16483E4}
	EndGlobalSection
EndGlobal
